
Microsoft Visual Studio Solution File, Format Version 12.00
# Visual Studio 2013
VisualStudioVersion = 12.0.31101.0
MinimumVisualStudioVersion = 10.0.40219.1
Project("{FAE04EC0-301F-11D3-BF4B-00C04F79EFBC}") = "SharpChannel", "SharpChannel\SharpChannel.csproj", "{B998D893-58A1-4878-B4D2-11DC3B41A5C8}"
EndProject
Project("{FAE04EC0-301F-11D3-BF4B-00C04F79EFBC}") = "Example", "Example\Example.csproj", "{BC3DC373-1C61-472A-9D08-C8BC0E55276C}"
EndProject
Global
	GlobalSection(SolutionConfigurationPlatforms) = preSolution
		Debug|Any CPU = Debug|Any CPU
		Release|Any CPU = Release|Any CPU
	EndGlobalSection
	GlobalSection(ProjectConfigurationPlatforms) = postSolution
		{B998D893-58A1-4878-B4D2-11DC3B41A5C8}.Debug|Any CPU.ActiveCfg = Debug|Any CPU
		{B998D893-58A1-4878-B4D2-11DC3B41A5C8}.Debug|Any CPU.Build.0 = Debug|Any CPU
		{B998D893-58A1-4878-B4D2-11DC3B41A5C8}.Release|Any CPU.ActiveCfg = Release|Any CPU
		{B998D893-58A1-4878-B4D2-11DC3B41A5C8}.Release|Any CPU.Build.0 = Release|Any CPU
		{BC3DC373-1C61-472A-9D08-C8BC0E55276C}.Debug|Any CPU.ActiveCfg = Debug|Any CPU
		{BC3DC373-1C61-472A-9D08-C8BC0E55276C}.Debug|Any CPU.Build.0 = Debug|Any CPU
		{BC3DC373-1C61-472A-9D08-C8BC0E55276C}.Release|Any CPU.ActiveCfg = Release|Any CPU
		{BC3DC373-1C61-472A-9D08-C8BC0E55276C}.Release|Any CPU.Build.0 = Release|Any CPU
	EndGlobalSection
	GlobalSection(SolutionProperties) = preSolution
		HideSolutionNode = FALSE
	EndGlobalSection
EndGlobal
