
Microsoft Visual Studio Solution File, Format Version 12.00
Project("{FAE04EC0-301F-11D3-BF4B-00C04F79EFBC}") = "OsirisNext", "OsirisNext\OsirisNext.csproj", "{E72B0D24-B9CF-44A8-A0A3-1DD99591C679}"
EndProject
Project("{FAE04EC0-301F-11D3-BF4B-00C04F79EFBC}") = "Heimdall", "Heimdall\Heimdall\Heimdall.csproj", "{C33F33F4-928B-46A5-8150-B2C642B800EA}"
EndProject
Project("{FAE04EC0-301F-11D3-BF4B-00C04F79EFBC}") = "Vindler", "Heimdall\Vindler\Vindler.csproj", "{99F22C20-4569-49FE-B7EE-9ECA238AC13B}"
EndProject
Project("{FAE04EC0-301F-11D3-BF4B-00C04F79EFBC}") = "HeimdallBase", "HeimdallBase\HeimdallBase.csproj", "{E7FDA2B4-141E-4FE5-BE82-021B4A84C6FC}"
EndProject
Project("{FAE04EC0-301F-11D3-BF4B-00C04F79EFBC}") = "ChatSharp", "ChatSharp\ChatSharp.csproj", "{4033AFFA-BEA3-4BDF-84EA-59A23360FD36}"
EndProject
Project("{FAE04EC0-301F-11D3-BF4B-00C04F79EFBC}") = "ConversionTherapy", "ConversionTherapy\ConversionTherapy\ConversionTherapy.csproj", "{4184F8D1-F4AF-4E85-9226-D4B8DD97D533}"
EndProject
Project("{FAE04EC0-301F-11D3-BF4B-00C04F79EFBC}") = "InfixParser", "InfixParser\InfixParser.csproj", "{5CB1ED4A-45EC-48F0-9456-C8A3DD98538F}"
EndProject
Project("{FAE04EC0-301F-11D3-BF4B-00C04F79EFBC}") = "Backyard", "Backyard\Backyard.csproj", "{514AFF8A-4CAF-46D0-921B-34EA84517D31}"
EndProject
Project("{FAE04EC0-301F-11D3-BF4B-00C04F79EFBC}") = "OsirisBase", "OsirisBase\OsirisBase.csproj", "{DD129A93-E9A3-4012-8E0C-93868F0FDD0B}"
EndProject
Project("{FAE04EC0-301F-11D3-BF4B-00C04F79EFBC}") = "FarField", "FarField\FarField.csproj", "{3D5AB08E-DBC8-465D-B751-B9B213E0A4B4}"
EndProject
Project("{FAE04EC0-301F-11D3-BF4B-00C04F79EFBC}") = "UserLedger", "UserLedger\UserLedger.csproj", "{4EE38B93-974B-443F-AECB-CB055C8040AB}"
EndProject
Project("{FAE04EC0-301F-11D3-BF4B-00C04F79EFBC}") = "CryptoData", "CryptoData\CryptoData.csproj", "{F4A081A8-C9FB-469D-A2CC-4CFA48EED7B5}"
EndProject
Project("{FAE04EC0-301F-11D3-BF4B-00C04F79EFBC}") = "Exchange", "Exchange\Exchange.csproj", "{E23709DB-07F2-4F92-94A4-741663EEF1A4}"
EndProject
Project("{FAE04EC0-301F-11D3-BF4B-00C04F79EFBC}") = "BasicBuffer", "BasicBuffer\BasicBuffer.csproj", "{0318C800-CB71-45C3-A3D0-316883BD8AB7}"
EndProject
Project("{FAE04EC0-301F-11D3-BF4B-00C04F79EFBC}") = "SharpChannel", "SharpChannel\SharpChannel\SharpChannel.csproj", "{B998D893-58A1-4878-B4D2-11DC3B41A5C8}"
EndProject
Global
	GlobalSection(SolutionConfigurationPlatforms) = preSolution
		Debug|Any CPU = Debug|Any CPU
		Release|Any CPU = Release|Any CPU
	EndGlobalSection
	GlobalSection(ProjectConfigurationPlatforms) = postSolution
		{E72B0D24-B9CF-44A8-A0A3-1DD99591C679}.Debug|Any CPU.ActiveCfg = Debug|Any CPU
		{E72B0D24-B9CF-44A8-A0A3-1DD99591C679}.Debug|Any CPU.Build.0 = Debug|Any CPU
		{E72B0D24-B9CF-44A8-A0A3-1DD99591C679}.Release|Any CPU.ActiveCfg = Release|Any CPU
		{E72B0D24-B9CF-44A8-A0A3-1DD99591C679}.Release|Any CPU.Build.0 = Release|Any CPU
		{C33F33F4-928B-46A5-8150-B2C642B800EA}.Debug|Any CPU.ActiveCfg = Debug|Any CPU
		{C33F33F4-928B-46A5-8150-B2C642B800EA}.Debug|Any CPU.Build.0 = Debug|Any CPU
		{C33F33F4-928B-46A5-8150-B2C642B800EA}.Release|Any CPU.ActiveCfg = Release|Any CPU
		{C33F33F4-928B-46A5-8150-B2C642B800EA}.Release|Any CPU.Build.0 = Release|Any CPU
		{99F22C20-4569-49FE-B7EE-9ECA238AC13B}.Debug|Any CPU.ActiveCfg = Debug|Any CPU
		{99F22C20-4569-49FE-B7EE-9ECA238AC13B}.Debug|Any CPU.Build.0 = Debug|Any CPU
		{99F22C20-4569-49FE-B7EE-9ECA238AC13B}.Release|Any CPU.ActiveCfg = Release|Any CPU
		{99F22C20-4569-49FE-B7EE-9ECA238AC13B}.Release|Any CPU.Build.0 = Release|Any CPU
		{E7FDA2B4-141E-4FE5-BE82-021B4A84C6FC}.Debug|Any CPU.ActiveCfg = Debug|Any CPU
		{E7FDA2B4-141E-4FE5-BE82-021B4A84C6FC}.Debug|Any CPU.Build.0 = Debug|Any CPU
		{E7FDA2B4-141E-4FE5-BE82-021B4A84C6FC}.Release|Any CPU.ActiveCfg = Release|Any CPU
		{E7FDA2B4-141E-4FE5-BE82-021B4A84C6FC}.Release|Any CPU.Build.0 = Release|Any CPU
		{4033AFFA-BEA3-4BDF-84EA-59A23360FD36}.Debug|Any CPU.ActiveCfg = Debug|Any CPU
		{4033AFFA-BEA3-4BDF-84EA-59A23360FD36}.Debug|Any CPU.Build.0 = Debug|Any CPU
		{4033AFFA-BEA3-4BDF-84EA-59A23360FD36}.Release|Any CPU.ActiveCfg = Release|Any CPU
		{4033AFFA-BEA3-4BDF-84EA-59A23360FD36}.Release|Any CPU.Build.0 = Release|Any CPU
		{4184F8D1-F4AF-4E85-9226-D4B8DD97D533}.Debug|Any CPU.ActiveCfg = Debug|Any CPU
		{4184F8D1-F4AF-4E85-9226-D4B8DD97D533}.Debug|Any CPU.Build.0 = Debug|Any CPU
		{4184F8D1-F4AF-4E85-9226-D4B8DD97D533}.Release|Any CPU.ActiveCfg = Release|Any CPU
		{4184F8D1-F4AF-4E85-9226-D4B8DD97D533}.Release|Any CPU.Build.0 = Release|Any CPU
		{5CB1ED4A-45EC-48F0-9456-C8A3DD98538F}.Debug|Any CPU.ActiveCfg = Debug|Any CPU
		{5CB1ED4A-45EC-48F0-9456-C8A3DD98538F}.Debug|Any CPU.Build.0 = Debug|Any CPU
		{5CB1ED4A-45EC-48F0-9456-C8A3DD98538F}.Release|Any CPU.ActiveCfg = Release|Any CPU
		{5CB1ED4A-45EC-48F0-9456-C8A3DD98538F}.Release|Any CPU.Build.0 = Release|Any CPU
		{514AFF8A-4CAF-46D0-921B-34EA84517D31}.Debug|Any CPU.ActiveCfg = Debug|Any CPU
		{514AFF8A-4CAF-46D0-921B-34EA84517D31}.Debug|Any CPU.Build.0 = Debug|Any CPU
		{514AFF8A-4CAF-46D0-921B-34EA84517D31}.Release|Any CPU.ActiveCfg = Release|Any CPU
		{514AFF8A-4CAF-46D0-921B-34EA84517D31}.Release|Any CPU.Build.0 = Release|Any CPU
		{DD129A93-E9A3-4012-8E0C-93868F0FDD0B}.Debug|Any CPU.ActiveCfg = Debug|Any CPU
		{DD129A93-E9A3-4012-8E0C-93868F0FDD0B}.Debug|Any CPU.Build.0 = Debug|Any CPU
		{DD129A93-E9A3-4012-8E0C-93868F0FDD0B}.Release|Any CPU.ActiveCfg = Release|Any CPU
		{DD129A93-E9A3-4012-8E0C-93868F0FDD0B}.Release|Any CPU.Build.0 = Release|Any CPU
		{3D5AB08E-DBC8-465D-B751-B9B213E0A4B4}.Debug|Any CPU.ActiveCfg = Debug|Any CPU
		{3D5AB08E-DBC8-465D-B751-B9B213E0A4B4}.Debug|Any CPU.Build.0 = Debug|Any CPU
		{3D5AB08E-DBC8-465D-B751-B9B213E0A4B4}.Release|Any CPU.ActiveCfg = Release|Any CPU
		{3D5AB08E-DBC8-465D-B751-B9B213E0A4B4}.Release|Any CPU.Build.0 = Release|Any CPU
		{4EE38B93-974B-443F-AECB-CB055C8040AB}.Debug|Any CPU.ActiveCfg = Debug|Any CPU
		{4EE38B93-974B-443F-AECB-CB055C8040AB}.Debug|Any CPU.Build.0 = Debug|Any CPU
		{4EE38B93-974B-443F-AECB-CB055C8040AB}.Release|Any CPU.ActiveCfg = Release|Any CPU
		{4EE38B93-974B-443F-AECB-CB055C8040AB}.Release|Any CPU.Build.0 = Release|Any CPU
		{F4A081A8-C9FB-469D-A2CC-4CFA48EED7B5}.Debug|Any CPU.ActiveCfg = Debug|Any CPU
		{F4A081A8-C9FB-469D-A2CC-4CFA48EED7B5}.Debug|Any CPU.Build.0 = Debug|Any CPU
		{F4A081A8-C9FB-469D-A2CC-4CFA48EED7B5}.Release|Any CPU.ActiveCfg = Release|Any CPU
		{F4A081A8-C9FB-469D-A2CC-4CFA48EED7B5}.Release|Any CPU.Build.0 = Release|Any CPU
		{E23709DB-07F2-4F92-94A4-741663EEF1A4}.Debug|Any CPU.ActiveCfg = Debug|Any CPU
		{E23709DB-07F2-4F92-94A4-741663EEF1A4}.Debug|Any CPU.Build.0 = Debug|Any CPU
		{E23709DB-07F2-4F92-94A4-741663EEF1A4}.Release|Any CPU.ActiveCfg = Release|Any CPU
		{E23709DB-07F2-4F92-94A4-741663EEF1A4}.Release|Any CPU.Build.0 = Release|Any CPU
		{0318C800-CB71-45C3-A3D0-316883BD8AB7}.Debug|Any CPU.ActiveCfg = Debug|Any CPU
		{0318C800-CB71-45C3-A3D0-316883BD8AB7}.Debug|Any CPU.Build.0 = Debug|Any CPU
		{0318C800-CB71-45C3-A3D0-316883BD8AB7}.Release|Any CPU.ActiveCfg = Release|Any CPU
		{0318C800-CB71-45C3-A3D0-316883BD8AB7}.Release|Any CPU.Build.0 = Release|Any CPU
		{B998D893-58A1-4878-B4D2-11DC3B41A5C8}.Debug|Any CPU.ActiveCfg = Debug|Any CPU
		{B998D893-58A1-4878-B4D2-11DC3B41A5C8}.Debug|Any CPU.Build.0 = Debug|Any CPU
		{B998D893-58A1-4878-B4D2-11DC3B41A5C8}.Release|Any CPU.ActiveCfg = Release|Any CPU
		{B998D893-58A1-4878-B4D2-11DC3B41A5C8}.Release|Any CPU.Build.0 = Release|Any CPU
	EndGlobalSection
EndGlobal
